
Microsoft Visual Studio Solution File, Format Version 12.00
# Visual Studio Version 16
VisualStudioVersion = 16.0.30611.23
MinimumVisualStudioVersion = 10.0.40219.1
Project("{FAE04EC0-301F-11D3-BF4B-00C04F79EFBC}") = "PerformanceCarteiraAtivos", "PerformanceCarteiraAtivos\PerformanceCarteiraAtivos.csproj", "{71DBE9C3-8CA3-4837-9C83-3F7774FC5A61}"
EndProject
Global
	GlobalSection(SolutionConfigurationPlatforms) = preSolution
		Debug|Any CPU = Debug|Any CPU
		Release|Any CPU = Release|Any CPU
	EndGlobalSection
	GlobalSection(ProjectConfigurationPlatforms) = postSolution
		{71DBE9C3-8CA3-4837-9C83-3F7774FC5A61}.Debug|Any CPU.ActiveCfg = Debug|Any CPU
		{71DBE9C3-8CA3-4837-9C83-3F7774FC5A61}.Debug|Any CPU.Build.0 = Debug|Any CPU
		{71DBE9C3-8CA3-4837-9C83-3F7774FC5A61}.Release|Any CPU.ActiveCfg = Release|Any CPU
		{71DBE9C3-8CA3-4837-9C83-3F7774FC5A61}.Release|Any CPU.Build.0 = Release|Any CPU
	EndGlobalSection
	GlobalSection(SolutionProperties) = preSolution
		HideSolutionNode = FALSE
	EndGlobalSection
	GlobalSection(ExtensibilityGlobals) = postSolution
		SolutionGuid = {68622A8D-0B0F-4768-B0F5-D4C3BE7594F3}
	EndGlobalSection
EndGlobal
